
Microsoft Visual Studio Solution File, Format Version 12.00
# Visual Studio Version 16
VisualStudioVersion = 16.0.30804.86
MinimumVisualStudioVersion = 10.0.40219.1
Project("{9A19103F-16F7-4668-BE54-9A1E7A4F7556}") = "CodeWarsConsole", "CodeWarsConsole\CodeWarsConsole.csproj", "{5E2299EE-D89F-4125-878D-A1FF37CBA705}"
EndProject
Project("{2150E333-8FDC-42A3-9474-1A3956D46DE8}") = "KataLibrary", "KataLibrary", "{8CE34464-0827-4BA3-BD1A-26A635D9E480}"
EndProject
Project("{9A19103F-16F7-4668-BE54-9A1E7A4F7556}") = "WriteNumberInExpandedForm", "WriteNumberInExpandedForm\WriteNumberInExpandedForm.csproj", "{15531662-0B88-4599-85AA-60A5F49BAAE0}"
EndProject
Project("{9A19103F-16F7-4668-BE54-9A1E7A4F7556}") = "WriteNumberInExpandedForm.Tests", "WriteNumberInExpandedForm.Tests\WriteNumberInExpandedForm.Tests.csproj", "{055206C3-219B-4120-B488-1DDE56236745}"
EndProject
Project("{2150E333-8FDC-42A3-9474-1A3956D46DE8}") = "TestLibrary", "TestLibrary", "{FC55B1DB-139D-420D-B6FF-18ADB0B8FABD}"
EndProject
Project("{FAE04EC0-301F-11D3-BF4B-00C04F79EFBC}") = "YourOrderPlease", "YourOrderPlease\YourOrderPlease.csproj", "{632E2E34-76AE-4D89-A24D-FCCB8639F67D}"
EndProject
Project("{FAE04EC0-301F-11D3-BF4B-00C04F79EFBC}") = "YourOrderPlease.Tests", "YourOrderPlease.Tests\YourOrderPlease.Tests.csproj", "{789CC030-2018-4B41-A9B7-65F2962C1AAC}"
EndProject
Project("{FAE04EC0-301F-11D3-BF4B-00C04F79EFBC}") = "DiophantineEquation", "DiophantineEquation\DiophantineEquation.csproj", "{A2DEA1D2-CB19-4FF1-8883-63A62EE10615}"
EndProject
Project("{FAE04EC0-301F-11D3-BF4B-00C04F79EFBC}") = "DiophantineEquation.Tests", "DiophantineEquation.Tests\DiophantineEquation.Tests.csproj", "{D26FE241-793C-486B-91D2-546357D2A561}"
EndProject
Global
	GlobalSection(SolutionConfigurationPlatforms) = preSolution
		Debug|Any CPU = Debug|Any CPU
		Release|Any CPU = Release|Any CPU
	EndGlobalSection
	GlobalSection(ProjectConfigurationPlatforms) = postSolution
		{5E2299EE-D89F-4125-878D-A1FF37CBA705}.Debug|Any CPU.ActiveCfg = Debug|Any CPU
		{5E2299EE-D89F-4125-878D-A1FF37CBA705}.Debug|Any CPU.Build.0 = Debug|Any CPU
		{5E2299EE-D89F-4125-878D-A1FF37CBA705}.Release|Any CPU.ActiveCfg = Release|Any CPU
		{5E2299EE-D89F-4125-878D-A1FF37CBA705}.Release|Any CPU.Build.0 = Release|Any CPU
		{15531662-0B88-4599-85AA-60A5F49BAAE0}.Debug|Any CPU.ActiveCfg = Debug|Any CPU
		{15531662-0B88-4599-85AA-60A5F49BAAE0}.Debug|Any CPU.Build.0 = Debug|Any CPU
		{15531662-0B88-4599-85AA-60A5F49BAAE0}.Release|Any CPU.ActiveCfg = Release|Any CPU
		{15531662-0B88-4599-85AA-60A5F49BAAE0}.Release|Any CPU.Build.0 = Release|Any CPU
		{055206C3-219B-4120-B488-1DDE56236745}.Debug|Any CPU.ActiveCfg = Debug|Any CPU
		{055206C3-219B-4120-B488-1DDE56236745}.Debug|Any CPU.Build.0 = Debug|Any CPU
		{055206C3-219B-4120-B488-1DDE56236745}.Release|Any CPU.ActiveCfg = Release|Any CPU
		{055206C3-219B-4120-B488-1DDE56236745}.Release|Any CPU.Build.0 = Release|Any CPU
		{632E2E34-76AE-4D89-A24D-FCCB8639F67D}.Debug|Any CPU.ActiveCfg = Debug|Any CPU
		{632E2E34-76AE-4D89-A24D-FCCB8639F67D}.Debug|Any CPU.Build.0 = Debug|Any CPU
		{632E2E34-76AE-4D89-A24D-FCCB8639F67D}.Release|Any CPU.ActiveCfg = Release|Any CPU
		{632E2E34-76AE-4D89-A24D-FCCB8639F67D}.Release|Any CPU.Build.0 = Release|Any CPU
		{789CC030-2018-4B41-A9B7-65F2962C1AAC}.Debug|Any CPU.ActiveCfg = Debug|Any CPU
		{789CC030-2018-4B41-A9B7-65F2962C1AAC}.Debug|Any CPU.Build.0 = Debug|Any CPU
		{789CC030-2018-4B41-A9B7-65F2962C1AAC}.Release|Any CPU.ActiveCfg = Release|Any CPU
		{789CC030-2018-4B41-A9B7-65F2962C1AAC}.Release|Any CPU.Build.0 = Release|Any CPU
		{A2DEA1D2-CB19-4FF1-8883-63A62EE10615}.Debug|Any CPU.ActiveCfg = Debug|Any CPU
		{A2DEA1D2-CB19-4FF1-8883-63A62EE10615}.Debug|Any CPU.Build.0 = Debug|Any CPU
		{A2DEA1D2-CB19-4FF1-8883-63A62EE10615}.Release|Any CPU.ActiveCfg = Release|Any CPU
		{A2DEA1D2-CB19-4FF1-8883-63A62EE10615}.Release|Any CPU.Build.0 = Release|Any CPU
		{D26FE241-793C-486B-91D2-546357D2A561}.Debug|Any CPU.ActiveCfg = Debug|Any CPU
		{D26FE241-793C-486B-91D2-546357D2A561}.Debug|Any CPU.Build.0 = Debug|Any CPU
		{D26FE241-793C-486B-91D2-546357D2A561}.Release|Any CPU.ActiveCfg = Release|Any CPU
		{D26FE241-793C-486B-91D2-546357D2A561}.Release|Any CPU.Build.0 = Release|Any CPU
	EndGlobalSection
	GlobalSection(SolutionProperties) = preSolution
		HideSolutionNode = FALSE
	EndGlobalSection
	GlobalSection(NestedProjects) = preSolution
		{15531662-0B88-4599-85AA-60A5F49BAAE0} = {8CE34464-0827-4BA3-BD1A-26A635D9E480}
		{055206C3-219B-4120-B488-1DDE56236745} = {FC55B1DB-139D-420D-B6FF-18ADB0B8FABD}
		{632E2E34-76AE-4D89-A24D-FCCB8639F67D} = {8CE34464-0827-4BA3-BD1A-26A635D9E480}
		{789CC030-2018-4B41-A9B7-65F2962C1AAC} = {FC55B1DB-139D-420D-B6FF-18ADB0B8FABD}
		{A2DEA1D2-CB19-4FF1-8883-63A62EE10615} = {8CE34464-0827-4BA3-BD1A-26A635D9E480}
		{D26FE241-793C-486B-91D2-546357D2A561} = {FC55B1DB-139D-420D-B6FF-18ADB0B8FABD}
	EndGlobalSection
	GlobalSection(ExtensibilityGlobals) = postSolution
		SolutionGuid = {9D1B2FDF-B171-4C99-8C3F-4DD56C5B7B18}
	EndGlobalSection
EndGlobal
